// !$*UTF8*$!
{
	archiveVersion = 1;
	classes = {
	};
	objectVersion = 77;
	objects = {

/* Begin PBXContainerItemProxy section */
		B8EB10462E342ECE00B29B08 /* PBXContainerItemProxy */ = {
			isa = PBXContainerItemProxy;
			containerPortal = B8EB102B2E342ECD00B29B08 /* Project object */;
			proxyType = 1;
			remoteGlobalIDString = B8EB10322E342ECE00B29B08;
			remoteInfo = PlatziFlixiOS;
		};
		B8EB10502E342ECE00B29B08 /* PBXContainerItemProxy */ = {
			isa = PBXContainerItemProxy;
			containerPortal = B8EB102B2E342ECD00B29B08 /* Project object */;
			proxyType = 1;
			remoteGlobalIDString = B8EB10322E342ECE00B29B08;
			remoteInfo = PlatziFlixiOS;
		};
/* End PBXContainerItemProxy section */

/* Begin PBXFileReference section */
		B8EB10332E342ECE00B29B08 /* PlatziFlixiOS.app */ = {isa = PBXFileReference; explicitFileType = wrapper.application; includeInIndex = 0; path = PlatziFlixiOS.app; sourceTree = BUILT_PRODUCTS_DIR; };
		B8EB10452E342ECE00B29B08 /* PlatziFlixiOSTests.xctest */ = {isa = PBXFileReference; explicitFileType = wrapper.cfbundle; includeInIndex = 0; path = PlatziFlixiOSTests.xctest; sourceTree = BUILT_PRODUCTS_DIR; };
		B8EB104F2E342ECE00B29B08 /* PlatziFlixiOSUITests.xctest */ = {isa = PBXFileReference; explicitFileType = wrapper.cfbundle; includeInIndex = 0; path = PlatziFlixiOSUITests.xctest; sourceTree = BUILT_PRODUCTS_DIR; };
/* End PBXFileReference section */

/* Begin PBXFileSystemSynchronizedRootGroup section */
		B8EB10352E342ECE00B29B08 /* PlatziFlixiOS */ = {
			isa = PBXFileSystemSynchronizedRootGroup;
			path = PlatziFlixiOS;
			sourceTree = "<group>";
		};
		B8EB10482E342ECE00B29B08 /* PlatziFlixiOSTests */ = {
			isa = PBXFileSystemSynchronizedRootGroup;
			path = PlatziFlixiOSTests;
			sourceTree = "<group>";
		};
		B8EB10522E342ECE00B29B08 /* PlatziFlixiOSUITests */ = {
			isa = PBXFileSystemSynchronizedRootGroup;
			path = PlatziFlixiOSUITests;
			sourceTree = "<group>";
		};
/* End PBXFileSystemSynchronizedRootGroup section */

/* Begin PBXFrameworksBuildPhase section */
		B8EB10302E342ECE00B29B08 /* Frameworks */ = {
			isa = PBXFrameworksBuildPhase;
			buildActionMask = 2147483647;
			files = (
			);
			runOnlyForDeploymentPostprocessing = 0;
		};
		B8EB10422E342ECE00B29B08 /* Frameworks */ = {
			isa = PBXFrameworksBuildPhase;
			buildActionMask = 2147483647;
			files = (
			);
			runOnlyForDeploymentPostprocessing = 0;
		};
		B8EB104C2E342ECE00B29B08 /* Frameworks */ = {
			isa = PBXFrameworksBuildPhase;
			buildActionMask = 2147483647;
			files = (
			);
			runOnlyForDeploymentPostprocessing = 0;
		};
/* End PBXFrameworksBuildPhase section */

/* Begin PBXGroup section */
		B8EB102A2E342ECD00B29B08 = {
			isa = PBXGroup;
			children = (
				B8EB10352E342ECE00B29B08 /* PlatziFlixiOS */,
				B8EB10482E342ECE00B29B08 /* PlatziFlixiOSTests */,
				B8EB10522E342ECE00B29B08 /* PlatziFlixiOSUITests */,
				B8EB10342E342ECE00B29B08 /* Products */,
			);
			sourceTree = "<group>";
		};
		B8EB10342E342ECE00B29B08 /* Products */ = {
			isa = PBXGroup;
			children = (
				B8EB10332E342ECE00B29B08 /* PlatziFlixiOS.app */,
				B8EB10452E342ECE00B29B08 /* PlatziFlixiOSTests.xctest */,
				B8EB104F2E342ECE00B29B08 /* PlatziFlixiOSUITests.xctest */,
			);
			name = Products;
			sourceTree = "<group>";
		};
/* End PBXGroup section */

/* Begin PBXNativeTarget section */
		B8EB10322E342ECE00B29B08 /* PlatziFlixiOS */ = {
			isa = PBXNativeTarget;
			buildConfigurationList = B8EB10592E342ECE00B29B08 /* Build configuration list for PBXNativeTarget "PlatziFlixiOS" */;
			buildPhases = (
				B8EB102F2E342ECE00B29B08 /* Sources */,
				B8EB10302E342ECE00B29B08 /* Frameworks */,
				B8EB10312E342ECE00B29B08 /* Resources */,
			);
			buildRules = (
			);
			dependencies = (
			);
			fileSystemSynchronizedGroups = (
				B8EB10352E342ECE00B29B08 /* PlatziFlixiOS */,
			);
			name = PlatziFlixiOS;
			packageProductDependencies = (
			);
			productName = PlatziFlixiOS;
			productReference = B8EB10332E342ECE00B29B08 /* PlatziFlixiOS.app */;
			productType = "com.apple.product-type.application";
		};
		B8EB10442E342ECE00B29B08 /* PlatziFlixiOSTests */ = {
			isa = PBXNativeTarget;
			buildConfigurationList = B8EB105C2E342ECE00B29B08 /* Build configuration list for PBXNativeTarget "PlatziFlixiOSTests" */;
			buildPhases = (
				B8EB10412E342ECE00B29B08 /* Sources */,
				B8EB10422E342ECE00B29B08 /* Frameworks */,
				B8EB10432E342ECE00B29B08 /* Resources */,
			);
			buildRules = (
			);
			dependencies = (
				B8EB10472E342ECE00B29B08 /* PBXTargetDependency */,
			);
			fileSystemSynchronizedGroups = (
				B8EB10482E342ECE00B29B08 /* PlatziFlixiOSTests */,
			);
			name = PlatziFlixiOSTests;
			packageProductDependencies = (
			);
			productName = PlatziFlixiOSTests;
			productReference = B8EB10452E342ECE00B29B08 /* PlatziFlixiOSTests.xctest */;
			productType = "com.apple.product-type.bundle.unit-test";
		};
		B8EB104E2E342ECE00B29B08 /* PlatziFlixiOSUITests */ = {
			isa = PBXNativeTarget;
			buildConfigurationList = B8EB105F2E342ECE00B29B08 /* Build configuration list for PBXNativeTarget "PlatziFlixiOSUITests" */;
			buildPhases = (
				B8EB104B2E342ECE00B29B08 /* Sources */,
				B8EB104C2E342ECE00B29B08 /* Frameworks */,
				B8EB104D2E342ECE00B29B08 /* Resources */,
			);
			buildRules = (
			);
			dependencies = (
				B8EB10512E342ECE00B29B08 /* PBXTargetDependency */,
			);
			fileSystemSynchronizedGroups = (
				B8EB10522E342ECE00B29B08 /* PlatziFlixiOSUITests */,
			);
			name = PlatziFlixiOSUITests;
			packageProductDependencies = (
			);
			productName = PlatziFlixiOSUITests;
			productReference = B8EB104F2E342ECE00B29B08 /* PlatziFlixiOSUITests.xctest */;
			productType = "com.apple.product-type.bundle.ui-testing";
		};
/* End PBXNativeTarget section */

/* Begin PBXProject section */
		B8EB102B2E342ECD00B29B08 /* Project object */ = {
			isa = PBXProject;
			attributes = {
				BuildIndependentTargetsInParallel = 1;
				LastSwiftUpdateCheck = 1610;
				LastUpgradeCheck = 1610;
				TargetAttributes = {
					B8EB10322E342ECE00B29B08 = {
						CreatedOnToolsVersion = 16.1;
					};
					B8EB10442E342ECE00B29B08 = {
						CreatedOnToolsVersion = 16.1;
						TestTargetID = B8EB10322E342ECE00B29B08;
					};
					B8EB104E2E342ECE00B29B08 = {
						CreatedOnToolsVersion = 16.1;
						TestTargetID = B8EB10322E342ECE00B29B08;
					};
				};
			};
			buildConfigurationList = B8EB102E2E342ECD00B29B08 /* Build configuration list for PBXProject "PlatziFlixiOS" */;
			developmentRegion = en;
			hasScannedForEncodings = 0;
			knownRegions = (
				en,
				Base,
			);
			mainGroup = B8EB102A2E342ECD00B29B08;
			minimizedProjectReferenceProxies = 1;
			preferredProjectObjectVersion = 77;
			productRefGroup = B8EB10342E342ECE00B29B08 /* Products */;
			projectDirPath = "";
			projectRoot = "";
			targets = (
				B8EB10322E342ECE00B29B08 /* PlatziFlixiOS */,
				B8EB10442E342ECE00B29B08 /* PlatziFlixiOSTests */,
				B8EB104E2E342ECE00B29B08 /* PlatziFlixiOSUITests */,
			);
		};
/* End PBXProject section */

/* Begin PBXResourcesBuildPhase section */
		B8EB10312E342ECE00B29B08 /* Resources */ = {
			isa = PBXResourcesBuildPhase;
			buildActionMask = 2147483647;
			files = (
			);
			runOnlyForDeploymentPostprocessing = 0;
		};
		B8EB10432E342ECE00B29B08 /* Resources */ = {
			isa = PBXResourcesBuildPhase;
			buildActionMask = 2147483647;
			files = (
			);
			runOnlyForDeploymentPostprocessing = 0;
		};
		B8EB104D2E342ECE00B29B08 /* Resources */ = {
			isa = PBXResourcesBuildPhase;
			buildActionMask = 2147483647;
			files = (
			);
			runOnlyForDeploymentPostprocessing = 0;
		};
/* End PBXResourcesBuildPhase section */

/* Begin PBXSourcesBuildPhase section */
		B8EB102F2E342ECE00B29B08 /* Sources */ = {
			isa = PBXSourcesBuildPhase;
			buildActionMask = 2147483647;
			files = (
			);
			runOnlyForDeploymentPostprocessing = 0;
		};
		B8EB10412E342ECE00B29B08 /* Sources */ = {
			isa = PBXSourcesBuildPhase;
			buildActionMask = 2147483647;
			files = (
			);
			runOnlyForDeploymentPostprocessing = 0;
		};
		B8EB104B2E342ECE00B29B08 /* Sources */ = {
			isa = PBXSourcesBuildPhase;
			buildActionMask = 2147483647;
			files = (
			);
			runOnlyForDeploymentPostprocessing = 0;
		};
/* End PBXSourcesBuildPhase section */

/* Begin PBXTargetDependency section */
		B8EB10472E342ECE00B29B08 /* PBXTargetDependency */ = {
			isa = PBXTargetDependency;
			target = B8EB10322E342ECE00B29B08 /* PlatziFlixiOS */;
			targetProxy = B8EB10462E342ECE00B29B08 /* PBXContainerItemProxy */;
		};
		B8EB10512E342ECE00B29B08 /* PBXTargetDependency */ = {
			isa = PBXTargetDependency;
			target = B8EB10322E342ECE00B29B08 /* PlatziFlixiOS */;
			targetProxy = B8EB10502E342ECE00B29B08 /* PBXContainerItemProxy */;
		};
/* End PBXTargetDependency section */

/* Begin XCBuildConfiguration section */
		B8EB10572E342ECE00B29B08 /* Debug */ = {
			isa = XCBuildConfiguration;
			buildSettings = {
				ALWAYS_SEARCH_USER_PATHS = NO;
				ASSETCATALOG_COMPILER_GENERATE_SWIFT_ASSET_SYMBOL_EXTENSIONS = YES;
				CLANG_ANALYZER_NONNULL = YES;
				CLANG_ANALYZER_NUMBER_OBJECT_CONVERSION = YES_AGGRESSIVE;
				CLANG_CXX_LANGUAGE_STANDARD = "gnu++20";
				CLANG_ENABLE_MODULES = YES;
				CLANG_ENABLE_OBJC_ARC = YES;
				CLANG_ENABLE_OBJC_WEAK = YES;
				CLANG_WARN_BLOCK_CAPTURE_AUTORELEASING = YES;
				CLANG_WARN_BOOL_CONVERSION = YES;
				CLANG_WARN_COMMA = YES;
				CLANG_WARN_CONSTANT_CONVERSION = YES;
				CLANG_WARN_DEPRECATED_OBJC_IMPLEMENTATIONS = YES;
				CLANG_WARN_DIRECT_OBJC_ISA_USAGE = YES_ERROR;
				CLANG_WARN_DOCUMENTATION_COMMENTS = YES;
				CLANG_WARN_EMPTY_BODY = YES;
				CLANG_WARN_ENUM_CONVERSION = YES;
				CLANG_WARN_INFINITE_RECURSION = YES;
				CLANG_WARN_INT_CONVERSION = YES;
				CLANG_WARN_NON_LITERAL_NULL_CONVERSION = YES;
				CLANG_WARN_OBJC_IMPLICIT_RETAIN_SELF = YES;
				CLANG_WARN_OBJC_LITERAL_CONVERSION = YES;
				CLANG_WARN_OBJC_ROOT_CLASS = YES_ERROR;
				CLANG_WARN_QUOTED_INCLUDE_IN_FRAMEWORK_HEADER = YES;
				CLANG_WARN_RANGE_LOOP_ANALYSIS = YES;
				CLANG_WARN_STRICT_PROTOTYPES = YES;
				CLANG_WARN_SUSPICIOUS_MOVE = YES;
				CLANG_WARN_UNGUARDED_AVAILABILITY = YES_AGGRESSIVE;
				CLANG_WARN_UNREACHABLE_CODE = YES;
				CLANG_WARN__DUPLICATE_METHOD_MATCH = YES;
				COPY_PHASE_STRIP = NO;
				DEBUG_INFORMATION_FORMAT = dwarf;
				ENABLE_STRICT_OBJC_MSGSEND = YES;
				ENABLE_TESTABILITY = YES;
				ENABLE_USER_SCRIPT_SANDBOXING = YES;
				GCC_C_LANGUAGE_STANDARD = gnu17;
				GCC_DYNAMIC_NO_PIC = NO;
				GCC_NO_COMMON_BLOCKS = YES;
				GCC_OPTIMIZATION_LEVEL = 0;
				GCC_PREPROCESSOR_DEFINITIONS = (
					"DEBUG=1",
					"$(inherited)",
				);
				GCC_WARN_64_TO_32_BIT_CONVERSION = YES;
				GCC_WARN_ABOUT_RETURN_TYPE = YES_ERROR;
				GCC_WARN_UNDECLARED_SELECTOR = YES;
				GCC_WARN_UNINITIALIZED_AUTOS = YES_AGGRESSIVE;
				GCC_WARN_UNUSED_FUNCTION = YES;
				GCC_WARN_UNUSED_VARIABLE = YES;
				IPHONEOS_DEPLOYMENT_TARGET = 18.1;
				LOCALIZATION_PREFERS_STRING_CATALOGS = YES;
				MTL_ENABLE_DEBUG_INFO = INCLUDE_SOURCE;
				MTL_FAST_MATH = YES;
				ONLY_ACTIVE_ARCH = YES;
				SDKROOT = iphoneos;
				SWIFT_ACTIVE_COMPILATION_CONDITIONS = "DEBUG $(inherited)";
				SWIFT_OPTIMIZATION_LEVEL = "-Onone";
			};
			name = Debug;
		};
		B8EB10582E342ECE00B29B08 /* Release */ = {
			isa = XCBuildConfiguration;
			buildSettings = {
				ALWAYS_SEARCH_USER_PATHS = NO;
				ASSETCATALOG_COMPILER_GENERATE_SWIFT_ASSET_SYMBOL_EXTENSIONS = YES;
				CLANG_ANALYZER_NONNULL = YES;
				CLANG_ANALYZER_NUMBER_OBJECT_CONVERSION = YES_AGGRESSIVE;
				CLANG_CXX_LANGUAGE_STANDARD = "gnu++20";
				CLANG_ENABLE_MODULES = YES;
				CLANG_ENABLE_OBJC_ARC = YES;
				CLANG_ENABLE_OBJC_WEAK = YES;
				CLANG_WARN_BLOCK_CAPTURE_AUTORELEASING = YES;
				CLANG_WARN_BOOL_CONVERSION = YES;
				CLANG_WARN_COMMA = YES;
				CLANG_WARN_CONSTANT_CONVERSION = YES;
				CLANG_WARN_DEPRECATED_OBJC_IMPLEMENTATIONS = YES;
				CLANG_WARN_DIRECT_OBJC_ISA_USAGE = YES_ERROR;
				CLANG_WARN_DOCUMENTATION_COMMENTS = YES;
				CLANG_WARN_EMPTY_BODY = YES;
				CLANG_WARN_ENUM_CONVERSION = YES;
				CLANG_WARN_INFINITE_RECURSION = YES;
				CLANG_WARN_INT_CONVERSION = YES;
				CLANG_WARN_NON_LITERAL_NULL_CONVERSION = YES;
				CLANG_WARN_OBJC_IMPLICIT_RETAIN_SELF = YES;
				CLANG_WARN_OBJC_LITERAL_CONVERSION = YES;
				CLANG_WARN_OBJC_ROOT_CLASS = YES_ERROR;
				CLANG_WARN_QUOTED_INCLUDE_IN_FRAMEWORK_HEADER = YES;
				CLANG_WARN_RANGE_LOOP_ANALYSIS = YES;
				CLANG_WARN_STRICT_PROTOTYPES = YES;
				CLANG_WARN_SUSPICIOUS_MOVE = YES;
				CLANG_WARN_UNGUARDED_AVAILABILITY = YES_AGGRESSIVE;
				CLANG_WARN_UNREACHABLE_CODE = YES;
				CLANG_WARN__DUPLICATE_METHOD_MATCH = YES;
				COPY_PHASE_STRIP = NO;
				DEBUG_INFORMATION_FORMAT = "dwarf-with-dsym";
				ENABLE_NS_ASSERTIONS = NO;
				ENABLE_STRICT_OBJC_MSGSEND = YES;
				ENABLE_USER_SCRIPT_SANDBOXING = YES;
				GCC_C_LANGUAGE_STANDARD = gnu17;
				GCC_NO_COMMON_BLOCKS = YES;
				GCC_WARN_64_TO_32_BIT_CONVERSION = YES;
				GCC_WARN_ABOUT_RETURN_TYPE = YES_ERROR;
				GCC_WARN_UNDECLARED_SELECTOR = YES;
				GCC_WARN_UNINITIALIZED_AUTOS = YES_AGGRESSIVE;
				GCC_WARN_UNUSED_FUNCTION = YES;
				GCC_WARN_UNUSED_VARIABLE = YES;
				IPHONEOS_DEPLOYMENT_TARGET = 18.1;
				LOCALIZATION_PREFERS_STRING_CATALOGS = YES;
				MTL_ENABLE_DEBUG_INFO = NO;
				MTL_FAST_MATH = YES;
				SDKROOT = iphoneos;
				SWIFT_COMPILATION_MODE = wholemodule;
				VALIDATE_PRODUCT = YES;
			};
			name = Release;
		};
		B8EB105A2E342ECE00B29B08 /* Debug */ = {
			isa = XCBuildConfiguration;
			buildSettings = {
				ASSETCATALOG_COMPILER_APPICON_NAME = AppIcon;
				ASSETCATALOG_COMPILER_GLOBAL_ACCENT_COLOR_NAME = AccentColor;
				CODE_SIGN_STYLE = Automatic;
				CURRENT_PROJECT_VERSION = 1;
				DEVELOPMENT_ASSET_PATHS = "\"PlatziFlixiOS/Preview Content\"";
				ENABLE_PREVIEWS = YES;
				GENERATE_INFOPLIST_FILE = YES;
				INFOPLIST_KEY_UIApplicationSceneManifest_Generation = YES;
				INFOPLIST_KEY_UIApplicationSupportsIndirectInputEvents = YES;
				INFOPLIST_KEY_UILaunchScreen_Generation = YES;
				INFOPLIST_KEY_UISupportedInterfaceOrientations_iPad = "UIInterfaceOrientationPortrait UIInterfaceOrientationPortraitUpsideDown UIInterfaceOrientationLandscapeLeft UIInterfaceOrientationLandscapeRight";
				INFOPLIST_KEY_UISupportedInterfaceOrientations_iPhone = "UIInterfaceOrientationPortrait UIInterfaceOrientationLandscapeLeft UIInterfaceOrientationLandscapeRight";
				LD_RUNPATH_SEARCH_PATHS = (
					"$(inherited)",
					"@executable_path/Frameworks",
				);
				MARKETING_VERSION = 1.0;
				PRODUCT_BUNDLE_IDENTIFIER = com.ramarasa.PlatziFlixiOS;
				PRODUCT_NAME = "$(TARGET_NAME)";
				SWIFT_EMIT_LOC_STRINGS = YES;
				SWIFT_VERSION = 5.0;
				TARGETED_DEVICE_FAMILY = "1,2";
			};
			name = Debug;
		};
		B8EB105B2E342ECE00B29B08 /* Release */ = {
			isa = XCBuildConfiguration;
			buildSettings = {
				ASSETCATALOG_COMPILER_APPICON_NAME = AppIcon;
				ASSETCATALOG_COMPILER_GLOBAL_ACCENT_COLOR_NAME = AccentColor;
				CODE_SIGN_STYLE = Automatic;
				CURRENT_PROJECT_VERSION = 1;
				DEVELOPMENT_ASSET_PATHS = "\"PlatziFlixiOS/Preview Content\"";
				ENABLE_PREVIEWS = YES;
				GENERATE_INFOPLIST_FILE = YES;
				INFOPLIST_KEY_UIApplicationSceneManifest_Generation = YES;
				INFOPLIST_KEY_UIApplicationSupportsIndirectInputEvents = YES;
				INFOPLIST_KEY_UILaunchScreen_Generation = YES;
				INFOPLIST_KEY_UISupportedInterfaceOrientations_iPad = "UIInterfaceOrientationPortrait UIInterfaceOrientationPortraitUpsideDown UIInterfaceOrientationLandscapeLeft UIInterfaceOrientationLandscapeRight";
				INFOPLIST_KEY_UISupportedInterfaceOrientations_iPhone = "UIInterfaceOrientationPortrait UIInterfaceOrientationLandscapeLeft UIInterfaceOrientationLandscapeRight";
				LD_RUNPATH_SEARCH_PATHS = (
					"$(inherited)",
					"@executable_path/Frameworks",
				);
				MARKETING_VERSION = 1.0;
				PRODUCT_BUNDLE_IDENTIFIER = com.ramarasa.PlatziFlixiOS;
				PRODUCT_NAME = "$(TARGET_NAME)";
				SWIFT_EMIT_LOC_STRINGS = YES;
				SWIFT_VERSION = 5.0;
				TARGETED_DEVICE_FAMILY = "1,2";
			};
			name = Release;
		};
		B8EB105D2E342ECE00B29B08 /* Debug */ = {
			isa = XCBuildConfiguration;
			buildSettings = {
				BUNDLE_LOADER = "$(TEST_HOST)";
				CODE_SIGN_STYLE = Automatic;
				CURRENT_PROJECT_VERSION = 1;
				GENERATE_INFOPLIST_FILE = YES;
				IPHONEOS_DEPLOYMENT_TARGET = 18.1;
				MARKETING_VERSION = 1.0;
				PRODUCT_BUNDLE_IDENTIFIER = com.ramarasa.PlatziFlixiOSTests;
				PRODUCT_NAME = "$(TARGET_NAME)";
				SWIFT_EMIT_LOC_STRINGS = NO;
				SWIFT_VERSION = 5.0;
				TARGETED_DEVICE_FAMILY = "1,2";
				TEST_HOST = "$(BUILT_PRODUCTS_DIR)/PlatziFlixiOS.app/$(BUNDLE_EXECUTABLE_FOLDER_PATH)/PlatziFlixiOS";
			};
			name = Debug;
		};
		B8EB105E2E342ECE00B29B08 /* Release */ = {
			isa = XCBuildConfiguration;
			buildSettings = {
				BUNDLE_LOADER = "$(TEST_HOST)";
				CODE_SIGN_STYLE = Automatic;
				CURRENT_PROJECT_VERSION = 1;
				GENERATE_INFOPLIST_FILE = YES;
				IPHONEOS_DEPLOYMENT_TARGET = 18.1;
				MARKETING_VERSION = 1.0;
				PRODUCT_BUNDLE_IDENTIFIER = com.ramarasa.PlatziFlixiOSTests;
				PRODUCT_NAME = "$(TARGET_NAME)";
				SWIFT_EMIT_LOC_STRINGS = NO;
				SWIFT_VERSION = 5.0;
				TARGETED_DEVICE_FAMILY = "1,2";
				TEST_HOST = "$(BUILT_PRODUCTS_DIR)/PlatziFlixiOS.app/$(BUNDLE_EXECUTABLE_FOLDER_PATH)/PlatziFlixiOS";
			};
			name = Release;
		};
		B8EB10602E342ECE00B29B08 /* Debug */ = {
			isa = XCBuildConfiguration;
			buildSettings = {
				CODE_SIGN_STYLE = Automatic;
				CURRENT_PROJECT_VERSION = 1;
				GENERATE_INFOPLIST_FILE = YES;
				MARKETING_VERSION = 1.0;
				PRODUCT_BUNDLE_IDENTIFIER = com.ramarasa.PlatziFlixiOSUITests;
				PRODUCT_NAME = "$(TARGET_NAME)";
				SWIFT_EMIT_LOC_STRINGS = NO;
				SWIFT_VERSION = 5.0;
				TARGETED_DEVICE_FAMILY = "1,2";
				TEST_TARGET_NAME = PlatziFlixiOS;
			};
			name = Debug;
		};
		B8EB10612E342ECE00B29B08 /* Release */ = {
			isa = XCBuildConfiguration;
			buildSettings = {
				CODE_SIGN_STYLE = Automatic;
				CURRENT_PROJECT_VERSION = 1;
				GENERATE_INFOPLIST_FILE = YES;
				MARKETING_VERSION = 1.0;
				PRODUCT_BUNDLE_IDENTIFIER = com.ramarasa.PlatziFlixiOSUITests;
				PRODUCT_NAME = "$(TARGET_NAME)";
				SWIFT_EMIT_LOC_STRINGS = NO;
				SWIFT_VERSION = 5.0;
				TARGETED_DEVICE_FAMILY = "1,2";
				TEST_TARGET_NAME = PlatziFlixiOS;
			};
			name = Release;
		};
/* End XCBuildConfiguration section */

/* Begin XCConfigurationList section */
		B8EB102E2E342ECD00B29B08 /* Build configuration list for PBXProject "PlatziFlixiOS" */ = {
			isa = XCConfigurationList;
			buildConfigurations = (
				B8EB10572E342ECE00B29B08 /* Debug */,
				B8EB10582E342ECE00B29B08 /* Release */,
			);
			defaultConfigurationIsVisible = 0;
			defaultConfigurationName = Release;
		};
		B8EB10592E342ECE00B29B08 /* Build configuration list for PBXNativeTarget "PlatziFlixiOS" */ = {
			isa = XCConfigurationList;
			buildConfigurations = (
				B8EB105A2E342ECE00B29B08 /* Debug */,
				B8EB105B2E342ECE00B29B08 /* Release */,
			);
			defaultConfigurationIsVisible = 0;
			defaultConfigurationName = Release;
		};
		B8EB105C2E342ECE00B29B08 /* Build configuration list for PBXNativeTarget "PlatziFlixiOSTests" */ = {
			isa = XCConfigurationList;
			buildConfigurations = (
				B8EB105D2E342ECE00B29B08 /* Debug */,
				B8EB105E2E342ECE00B29B08 /* Release */,
			);
			defaultConfigurationIsVisible = 0;
			defaultConfigurationName = Release;
		};
		B8EB105F2E342ECE00B29B08 /* Build configuration list for PBXNativeTarget "PlatziFlixiOSUITests" */ = {
			isa = XCConfigurationList;
			buildConfigurations = (
				B8EB10602E342ECE00B29B08 /* Debug */,
				B8EB10612E342ECE00B29B08 /* Release */,
			);
			defaultConfigurationIsVisible = 0;
			defaultConfigurationName = Release;
		};
/* End XCConfigurationList section */
	};
	rootObject = B8EB102B2E342ECD00B29B08 /* Project object */;
}
